
Microsoft Visual Studio Solution File, Format Version 12.00
# Visual Studio Version 16
VisualStudioVersion = 16.0.29102.190
MinimumVisualStudioVersion = 10.0.40219.1
Project("{FAE04EC0-301F-11D3-BF4B-00C04F79EFBC}") = "Work1_2", "Work1_2.csproj", "{956EA0F7-6876-49CA-B069-B8825F7F158D}"
EndProject
Global
	GlobalSection(SolutionConfigurationPlatforms) = preSolution
		Debug|Any CPU = Debug|Any CPU
		Release|Any CPU = Release|Any CPU
	EndGlobalSection
	GlobalSection(ProjectConfigurationPlatforms) = postSolution
		{956EA0F7-6876-49CA-B069-B8825F7F158D}.Debug|Any CPU.ActiveCfg = Debug|Any CPU
		{956EA0F7-6876-49CA-B069-B8825F7F158D}.Debug|Any CPU.Build.0 = Debug|Any CPU
		{956EA0F7-6876-49CA-B069-B8825F7F158D}.Release|Any CPU.ActiveCfg = Release|Any CPU
		{956EA0F7-6876-49CA-B069-B8825F7F158D}.Release|Any CPU.Build.0 = Release|Any CPU
	EndGlobalSection
	GlobalSection(SolutionProperties) = preSolution
		HideSolutionNode = FALSE
	EndGlobalSection
	GlobalSection(ExtensibilityGlobals) = postSolution
		SolutionGuid = {D295070B-CF90-4691-A7C5-647849D666AC}
	EndGlobalSection
EndGlobal
